{
  "name": "React practic",
  "lockfileVersion": 3,
  "requires": true,
  "packages": {
    "": {
      "dependencies": {
        "array-shuffle": "^4.1.0"
      }
    },
    "node_modules/array-shuffle": {
      "version": "4.1.0",
      "resolved": "https://registry.npmjs.org/array-shuffle/-/array-shuffle-4.1.0.tgz",
      "integrity": "sha512-VeSwSNI0y9NojZ/seTJujlyO2xQCwdfn5ujU2ji+VaHos2z4u88aqy6nCVIJhmaMTOQvqNyIWwOJ/pSlYjPhTQ==",
      "license": "MIT",
      "engines": {
        "node": ">=20"
      },
      "funding": {
        "url": "https://github.com/sponsors/sindresorhus"
      }
    }
  }
}
